<?xml version="1.0" encoding="utf-8"?>
<Project ToolsVersion="4.0" xmlns="http://schemas.microsoft.com/developer/msbuild/2003">
  <ItemGroup>
    <Filter Include="scripts">
      <UniqueIdentifier>{adc6c15a-8db7-4dcc-92a8-8c48288f780b}</UniqueIdentifier>
    </Filter>
    <Filter Include="generated">
      <UniqueIdentifier>{c1c019d4-3e60-405c-b5ee-f887f78a7bd3}</UniqueIdentifier>
    </Filter>
  </ItemGroup>
  <ItemGroup>
    <ClCompile Include="..\..\scripts\bin2hex.c">
      <Filter>scripts</Filter>
    </ClCompile>
    <ClCompile Include="..\..\scripts\cmapdump.c">
      <Filter>scripts</Filter>
    </ClCompile>
    <ClCompile Include="..\..\scripts\cquote.c">
      <Filter>scripts</Filter>
    </ClCompile>
    <ClCompile Include="..\..\scripts\fontdump.c">
      <Filter>scripts</Filter>
    </ClCompile>
    <ClCompile Include="..\..\scripts\namedump.c">
      <Filter>scripts</Filter>
    </ClCompile>
  </ItemGroup>
  <ItemGroup>
    <None Include="..\..\resources\pdf\names.txt">
      <Filter>scripts</Filter>
    </None>
    <None Include="generate.bat" />
  </ItemGroup>
  <ItemGroup>
    <ClInclude Include="..\..\generated\gen_adobe_ca.h">
      <Filter>generated</Filter>
    </ClInclude>
    <ClInclude Include="..\..\generated\gen_cmap_cns.h">
      <Filter>generated</Filter>
    </ClInclude>
    <ClInclude Include="..\..\generated\gen_cmap_gb.h">
      <Filter>generated</Filter>
    </ClInclude>
    <ClInclude Include="..\..\generated\gen_cmap_japan.h">
      <Filter>generated</Filter>
    </ClInclude>
    <ClInclude Include="..\..\generated\gen_cmap_korea.h">
      <Filter>generated</Filter>
    </ClInclude>
    <ClInclude Include="..\..\generated\gen_js_util.h">
      <Filter>generated</Filter>
    </ClInclude>
  </ItemGroup>
</Project>