<?xml version="1.0" encoding="utf-8"?>
<Project ToolsVersion="4.0" xmlns="http://schemas.microsoft.com/developer/msbuild/2003">
  <ItemGroup>
    <Filter Include="include">
      <UniqueIdentifier>{d61ec841-8e56-45b3-9b0e-e917f70ce829}</UniqueIdentifier>
    </Filter>
    <Filter Include="source">
      <UniqueIdentifier>{4513ecef-97fe-4906-a236-ea463a5e47ff}</UniqueIdentifier>
    </Filter>
  </ItemGroup>
  <ItemGroup>
    <ClInclude Include="..\..\include\mupdf\helpers\mu-threads.h">
      <Filter>include</Filter>
    </ClInclude>
  </ItemGroup>
  <ItemGroup>
    <ClCompile Include="..\..\source\helpers\mu-threads\mu-threads.c">
      <Filter>source</Filter>
    </ClCompile>
  </ItemGroup>
</Project>