<?xml version="1.0" encoding="utf-8"?>
<Project ToolsVersion="4.0" xmlns="http://schemas.microsoft.com/developer/msbuild/2003">
  <ItemGroup>
    <Filter Include="include">
      <UniqueIdentifier>{03653ce1-8e6a-4059-a53f-5c5839da64b9}</UniqueIdentifier>
    </Filter>
    <Filter Include="src">
      <UniqueIdentifier>{fc768d82-2f77-4763-955e-b46c7a28c17d}</UniqueIdentifier>
    </Filter>
  </ItemGroup>
  <ItemGroup>
    <ClInclude Include="..\..\thirdparty\glfw\include\GLFW\glfw3.h">
      <Filter>include</Filter>
    </ClInclude>
    <ClInclude Include="..\..\thirdparty\glfw\include\GLFW\glfw3native.h">
      <Filter>include</Filter>
    </ClInclude>
    <ClInclude Include="..\..\thirdparty\glfw\src\internal.h">
      <Filter>src</Filter>
    </ClInclude>
    <ClInclude Include="..\..\thirdparty\glfw\src\wgl_context.h">
      <Filter>src</Filter>
    </ClInclude>
    <ClInclude Include="..\..\thirdparty\glfw\src\win32_platform.h">
      <Filter>src</Filter>
    </ClInclude>
    <ClInclude Include="..\..\thirdparty\glfw\src\win32_tls.h">
      <Filter>src</Filter>
    </ClInclude>
    <ClInclude Include="..\..\thirdparty\glfw\src\winmm_joystick.h">
      <Filter>src</Filter>
    </ClInclude>
  </ItemGroup>
  <ItemGroup>
    <ClCompile Include="..\..\thirdparty\glfw\src\context.c">
      <Filter>src</Filter>
    </ClCompile>
    <ClCompile Include="..\..\thirdparty\glfw\src\init.c">
      <Filter>src</Filter>
    </ClCompile>
    <ClCompile Include="..\..\thirdparty\glfw\src\input.c">
      <Filter>src</Filter>
    </ClCompile>
    <ClCompile Include="..\..\thirdparty\glfw\src\monitor.c">
      <Filter>src</Filter>
    </ClCompile>
    <ClCompile Include="..\..\thirdparty\glfw\src\wgl_context.c">
      <Filter>src</Filter>
    </ClCompile>
    <ClCompile Include="..\..\thirdparty\glfw\src\win32_init.c">
      <Filter>src</Filter>
    </ClCompile>
    <ClCompile Include="..\..\thirdparty\glfw\src\win32_monitor.c">
      <Filter>src</Filter>
    </ClCompile>
    <ClCompile Include="..\..\thirdparty\glfw\src\win32_time.c">
      <Filter>src</Filter>
    </ClCompile>
    <ClCompile Include="..\..\thirdparty\glfw\src\win32_tls.c">
      <Filter>src</Filter>
    </ClCompile>
    <ClCompile Include="..\..\thirdparty\glfw\src\win32_window.c">
      <Filter>src</Filter>
    </ClCompile>
    <ClCompile Include="..\..\thirdparty\glfw\src\window.c">
      <Filter>src</Filter>
    </ClCompile>
    <ClCompile Include="..\..\thirdparty\glfw\src\winmm_joystick.c">
      <Filter>src</Filter>
    </ClCompile>
  </ItemGroup>
</Project>