<?xml version="1.0" encoding="utf-8"?>
<Project ToolsVersion="4.0" xmlns="http://schemas.microsoft.com/developer/msbuild/2003">
  <ItemGroup>
    <Filter Include="include">
      <UniqueIdentifier>{7d444d54-9d55-4e5b-8f7d-15278643611d}</UniqueIdentifier>
    </Filter>
    <Filter Include="source">
      <UniqueIdentifier>{b9bec963-4373-4b5f-a5d1-8fcf5d67a63d}</UniqueIdentifier>
    </Filter>
  </ItemGroup>
  <ItemGroup>
    <ClInclude Include="..\..\include\mupdf\helpers\mu-office-lib.h">
      <Filter>include</Filter>
    </ClInclude>
  </ItemGroup>
  <ItemGroup>
    <ClCompile Include="..\..\source\helpers\mu-office-lib\mu-office-lib.c">
      <Filter>source</Filter>
    </ClCompile>
  </ItemGroup>
</Project>